
Microsoft Visual Studio Solution File, Format Version 12.00
# Visual Studio Version 16
VisualStudioVersion = 16.0.30517.126
MinimumVisualStudioVersion = 10.0.40219.1
Project("{FAE04EC0-301F-11D3-BF4B-00C04F79EFBC}") = "Ice1", "Ice1\Ice1.csproj", "{33C96EBD-7AC8-4F9B-BED9-EE017F6FB292}"
EndProject
Global
	GlobalSection(SolutionConfigurationPlatforms) = preSolution
		Debug|Any CPU = Debug|Any CPU
		Release|Any CPU = Release|Any CPU
	EndGlobalSection
	GlobalSection(ProjectConfigurationPlatforms) = postSolution
		{33C96EBD-7AC8-4F9B-BED9-EE017F6FB292}.Debug|Any CPU.ActiveCfg = Debug|Any CPU
		{33C96EBD-7AC8-4F9B-BED9-EE017F6FB292}.Debug|Any CPU.Build.0 = Debug|Any CPU
		{33C96EBD-7AC8-4F9B-BED9-EE017F6FB292}.Release|Any CPU.ActiveCfg = Release|Any CPU
		{33C96EBD-7AC8-4F9B-BED9-EE017F6FB292}.Release|Any CPU.Build.0 = Release|Any CPU
	EndGlobalSection
	GlobalSection(SolutionProperties) = preSolution
		HideSolutionNode = FALSE
	EndGlobalSection
	GlobalSection(ExtensibilityGlobals) = postSolution
		SolutionGuid = {F8428B5E-D550-45F2-A2E1-17CE64BBE1F0}
	EndGlobalSection
EndGlobal
